
Microsoft Visual Studio Solution File, Format Version 12.00
# Visual Studio Version 17
VisualStudioVersion = 17.8.34330.188
MinimumVisualStudioVersion = 10.0.40219.1
Project("{FAE04EC0-301F-11D3-BF4B-00C04F79EFBC}") = "IVSDemo", "IVSDemo\IVSDemo.csproj", "{74534602-8B77-40BF-9846-7324C9428950}"
EndProject
Global
	GlobalSection(SolutionConfigurationPlatforms) = preSolution
		Debug|Any CPU = Debug|Any CPU
		Release|Any CPU = Release|Any CPU
	EndGlobalSection
	GlobalSection(ProjectConfigurationPlatforms) = postSolution
		{74534602-8B77-40BF-9846-7324C9428950}.Debug|Any CPU.ActiveCfg = Debug|Any CPU
		{74534602-8B77-40BF-9846-7324C9428950}.Debug|Any CPU.Build.0 = Debug|Any CPU
		{74534602-8B77-40BF-9846-7324C9428950}.Release|Any CPU.ActiveCfg = Release|Any CPU
		{74534602-8B77-40BF-9846-7324C9428950}.Release|Any CPU.Build.0 = Release|Any CPU
	EndGlobalSection
	GlobalSection(SolutionProperties) = preSolution
		HideSolutionNode = FALSE
	EndGlobalSection
	GlobalSection(ExtensibilityGlobals) = postSolution
		SolutionGuid = {A81BC2C3-1268-4DA5-8234-EBF8B3529206}
	EndGlobalSection
EndGlobal
